// !$*UTF8*$!
{
	archiveVersion = 1;
	classes = {
	};
	objectVersion = 50;
	objects = {

/* Begin PBXBuildFile section */
		18A4E2E22414085E00C8E8DB /* AppDelegate.swift in Sources */ = {isa = PBXBuildFile; fileRef = 18A4E2E12414085E00C8E8DB /* AppDelegate.swift */; };
		18A4E2E42414085E00C8E8DB /* SceneDelegate.swift in Sources */ = {isa = PBXBuildFile; fileRef = 18A4E2E32414085E00C8E8DB /* SceneDelegate.swift */; };
		18A4E2E62414085E00C8E8DB /* TimerViewController.swift in Sources */ = {isa = PBXBuildFile; fileRef = 18A4E2E52414085E00C8E8DB /* TimerViewController.swift */; };
		18A4E2E92414085E00C8E8DB /* Main.storyboard in Resources */ = {isa = PBXBuildFile; fileRef = 18A4E2E72414085E00C8E8DB /* Main.storyboard */; };
		18A4E2EB2414085E00C8E8DB /* Assets.xcassets in Resources */ = {isa = PBXBuildFile; fileRef = 18A4E2EA2414085E00C8E8DB /* Assets.xcassets */; };
		18A4E2EE2414085E00C8E8DB /* LaunchScreen.storyboard in Resources */ = {isa = PBXBuildFile; fileRef = 18A4E2EC2414085E00C8E8DB /* LaunchScreen.storyboard */; };
		18CA9CE22416752200435060 /* ColorViewController.swift in Sources */ = {isa = PBXBuildFile; fileRef = 18CA9CE12416752200435060 /* ColorViewController.swift */; };
/* End PBXBuildFile section */

/* Begin PBXFileReference section */
		18A4E2DE2414085E00C8E8DB /* home17.app */ = {isa = PBXFileReference; explicitFileType = wrapper.application; includeInIndex = 0; path = home17.app; sourceTree = BUILT_PRODUCTS_DIR; };
		18A4E2E12414085E00C8E8DB /* AppDelegate.swift */ = {isa = PBXFileReference; lastKnownFileType = sourcecode.swift; path = AppDelegate.swift; sourceTree = "<group>"; };
		18A4E2E32414085E00C8E8DB /* SceneDelegate.swift */ = {isa = PBXFileReference; lastKnownFileType = sourcecode.swift; path = SceneDelegate.swift; sourceTree = "<group>"; };
		18A4E2E52414085E00C8E8DB /* TimerViewController.swift */ = {isa = PBXFileReference; lastKnownFileType = sourcecode.swift; path = TimerViewController.swift; sourceTree = "<group>"; };
		18A4E2E82414085E00C8E8DB /* Base */ = {isa = PBXFileReference; lastKnownFileType = file.storyboard; name = Base; path = Base.lproj/Main.storyboard; sourceTree = "<group>"; };
		18A4E2EA2414085E00C8E8DB /* Assets.xcassets */ = {isa = PBXFileReference; lastKnownFileType = folder.assetcatalog; path = Assets.xcassets; sourceTree = "<group>"; };
		18A4E2ED2414085E00C8E8DB /* Base */ = {isa = PBXFileReference; lastKnownFileType = file.storyboard; name = Base; path = Base.lproj/LaunchScreen.storyboard; sourceTree = "<group>"; };
		18A4E2EF2414085E00C8E8DB /* Info.plist */ = {isa = PBXFileReference; lastKnownFileType = text.plist.xml; path = Info.plist; sourceTree = "<group>"; };
		18CA9CE12416752200435060 /* ColorViewController.swift */ = {isa = PBXFileReference; lastKnownFileType = sourcecode.swift; path = ColorViewController.swift; sourceTree = "<group>"; };
/* End PBXFileReference section */

/* Begin PBXFrameworksBuildPhase section */
		18A4E2DB2414085E00C8E8DB /* Frameworks */ = {
			isa = PBXFrameworksBuildPhase;
			buildActionMask = 2147483647;
			files = (
			);
			runOnlyForDeploymentPostprocessing = 0;
		};
/* End PBXFrameworksBuildPhase section */

/* Begin PBXGroup section */
		18A4E2D52414085E00C8E8DB = {
			isa = PBXGroup;
			children = (
				18A4E2E02414085E00C8E8DB /* home17 */,
				18A4E2DF2414085E00C8E8DB /* Products */,
			);
			sourceTree = "<group>";
		};
		18A4E2DF2414085E00C8E8DB /* Products */ = {
			isa = PBXGroup;
			children = (
				18A4E2DE2414085E00C8E8DB /* home17.app */,
			);
			name = Products;
			sourceTree = "<group>";
		};
		18A4E2E02414085E00C8E8DB /* home17 */ = {
			isa = PBXGroup;
			children = (
				18A4E2E12414085E00C8E8DB /* AppDelegate.swift */,
				18A4E2E32414085E00C8E8DB /* SceneDelegate.swift */,
				18A4E2E52414085E00C8E8DB /* TimerViewController.swift */,
				18CA9CE12416752200435060 /* ColorViewController.swift */,
				18A4E2E72414085E00C8E8DB /* Main.storyboard */,
				18A4E2EA2414085E00C8E8DB /* Assets.xcassets */,
				18A4E2EC2414085E00C8E8DB /* LaunchScreen.storyboard */,
				18A4E2EF2414085E00C8E8DB /* Info.plist */,
			);
			path = home17;
			sourceTree = "<group>";
		};
/* End PBXGroup section */

/* Begin PBXNativeTarget section */
		18A4E2DD2414085E00C8E8DB /* home17 */ = {
			isa = PBXNativeTarget;
			buildConfigurationList = 18A4E2F22414085E00C8E8DB /* Build configuration list for PBXNativeTarget "home17" */;
			buildPhases = (
				18A4E2DA2414085E00C8E8DB /* Sources */,
				18A4E2DB2414085E00C8E8DB /* Frameworks */,
				18A4E2DC2414085E00C8E8DB /* Resources */,
			);
			buildRules = (
			);
			dependencies = (
			);
			name = home17;
			productName = home17;
			productReference = 18A4E2DE2414085E00C8E8DB /* home17.app */;
			productType = "com.apple.product-type.application";
		};
/* End PBXNativeTarget section */

/* Begin PBXProject section */
		18A4E2D62414085E00C8E8DB /* Project object */ = {
			isa = PBXProject;
			attributes = {
				LastSwiftUpdateCheck = 1130;
				LastUpgradeCheck = 1130;
				ORGANIZATIONNAME = David;
				TargetAttributes = {
					18A4E2DD2414085E00C8E8DB = {
						CreatedOnToolsVersion = 11.3.1;
					};
				};
			};
			buildConfigurationList = 18A4E2D92414085E00C8E8DB /* Build configuration list for PBXProject "home17" */;
			compatibilityVersion = "Xcode 9.3";
			developmentRegion = en;
			hasScannedForEncodings = 0;
			knownRegions = (
				en,
				Base,
			);
			mainGroup = 18A4E2D52414085E00C8E8DB;
			productRefGroup = 18A4E2DF2414085E00C8E8DB /* Products */;
			projectDirPath = "";
			projectRoot = "";
			targets = (
				18A4E2DD2414085E00C8E8DB /* home17 */,
			);
		};
/* End PBXProject section */

/* Begin PBXResourcesBuildPhase section */
		18A4E2DC2414085E00C8E8DB /* Resources */ = {
			isa = PBXResourcesBuildPhase;
			buildActionMask = 2147483647;
			files = (
				18A4E2EE2414085E00C8E8DB /* LaunchScreen.storyboard in Resources */,
				18A4E2EB2414085E00C8E8DB /* Assets.xcassets in Resources */,
				18A4E2E92414085E00C8E8DB /* Main.storyboard in Resources */,
			);
			runOnlyForDeploymentPostprocessing = 0;
		};
/* End PBXResourcesBuildPhase section */

/* Begin PBXSourcesBuildPhase section */
		18A4E2DA2414085E00C8E8DB /* Sources */ = {
			isa = PBXSourcesBuildPhase;
			buildActionMask = 2147483647;
			files = (
				18A4E2E62414085E00C8E8DB /* TimerViewController.swift in Sources */,
				18A4E2E22414085E00C8E8DB /* AppDelegate.swift in Sources */,
				18CA9CE22416752200435060 /* ColorViewController.swift in Sources */,
				18A4E2E42414085E00C8E8DB /* SceneDelegate.swift in Sources */,
			);
			runOnlyForDeploymentPostprocessing = 0;
		};
/* End PBXSourcesBuildPhase section */

/* Begin PBXVariantGroup section */
		18A4E2E72414085E00C8E8DB /* Main.storyboard */ = {
			isa = PBXVariantGroup;
			children = (
				18A4E2E82414085E00C8E8DB /* Base */,
			);
			name = Main.storyboard;
			sourceTree = "<group>";
		};
		18A4E2EC2414085E00C8E8DB /* LaunchScreen.storyboard */ = {
			isa = PBXVariantGroup;
			children = (
				18A4E2ED2414085E00C8E8DB /* Base */,
			);
			name = LaunchScreen.storyboard;
			sourceTree = "<group>";
		};
/* End PBXVariantGroup section */

/* Begin XCBuildConfiguration section */
		18A4E2F02414085E00C8E8DB /* Debug */ = {
			isa = XCBuildConfiguration;
			buildSettings = {
				ALWAYS_SEARCH_USER_PATHS = NO;
				CLANG_ANALYZER_NONNULL = YES;
				CLANG_ANALYZER_NUMBER_OBJECT_CONVERSION = YES_AGGRESSIVE;
				CLANG_CXX_LANGUAGE_STANDARD = "gnu++14";
				CLANG_CXX_LIBRARY = "libc++";
				CLANG_ENABLE_MODULES = YES;
				CLANG_ENABLE_OBJC_ARC = YES;
				CLANG_ENABLE_OBJC_WEAK = YES;
				CLANG_WARN_BLOCK_CAPTURE_AUTORELEASING = YES;
				CLANG_WARN_BOOL_CONVERSION = YES;
				CLANG_WARN_COMMA = YES;
				CLANG_WARN_CONSTANT_CONVERSION = YES;
				CLANG_WARN_DEPRECATED_OBJC_IMPLEMENTATIONS = YES;
				CLANG_WARN_DIRECT_OBJC_ISA_USAGE = YES_ERROR;
				CLANG_WARN_DOCUMENTATION_COMMENTS = YES;
				CLANG_WARN_EMPTY_BODY = YES;
				CLANG_WARN_ENUM_CONVERSION = YES;
				CLANG_WARN_INFINITE_RECURSION = YES;
				CLANG_WARN_INT_CONVERSION = YES;
				CLANG_WARN_NON_LITERAL_NULL_CONVERSION = YES;
				CLANG_WARN_OBJC_IMPLICIT_RETAIN_SELF = YES;
				CLANG_WARN_OBJC_LITERAL_CONVERSION = YES;
				CLANG_WARN_OBJC_ROOT_CLASS = YES_ERROR;
				CLANG_WARN_RANGE_LOOP_ANALYSIS = YES;
				CLANG_WARN_STRICT_PROTOTYPES = YES;
				CLANG_WARN_SUSPICIOUS_MOVE = YES;
				CLANG_WARN_UNGUARDED_AVAILABILITY = YES_AGGRESSIVE;
				CLANG_WARN_UNREACHABLE_CODE = YES;
				CLANG_WARN__DUPLICATE_METHOD_MATCH = YES;
				COPY_PHASE_STRIP = NO;
				DEBUG_INFORMATION_FORMAT = dwarf;
				ENABLE_STRICT_OBJC_MSGSEND = YES;
				ENABLE_TESTABILITY = YES;
				GCC_C_LANGUAGE_STANDARD = gnu11;
				GCC_DYNAMIC_NO_PIC = NO;
				GCC_NO_COMMON_BLOCKS = YES;
				GCC_OPTIMIZATION_LEVEL = 0;
				GCC_PREPROCESSOR_DEFINITIONS = (
					"DEBUG=1",
					"$(inherited)",
				);
				GCC_WARN_64_TO_32_BIT_CONVERSION = YES;
				GCC_WARN_ABOUT_RETURN_TYPE = YES_ERROR;
				GCC_WARN_UNDECLARED_SELECTOR = YES;
				GCC_WARN_UNINITIALIZED_AUTOS = YES_AGGRESSIVE;
				GCC_WARN_UNUSED_FUNCTION = YES;
				GCC_WARN_UNUSED_VARIABLE = YES;
				IPHONEOS_DEPLOYMENT_TARGET = 13.2;
				MTL_ENABLE_DEBUG_INFO = INCLUDE_SOURCE;
				MTL_FAST_MATH = YES;
				ONLY_ACTIVE_ARCH = YES;
				SDKROOT = iphoneos;
				SWIFT_ACTIVE_COMPILATION_CONDITIONS = DEBUG;
				SWIFT_OPTIMIZATION_LEVEL = "-Onone";
			};
			name = Debug;
		};
		18A4E2F12414085E00C8E8DB /* Release */ = {
			isa = XCBuildConfiguration;
			buildSettings = {
				ALWAYS_SEARCH_USER_PATHS = NO;
				CLANG_ANALYZER_NONNULL = YES;
				CLANG_ANALYZER_NUMBER_OBJECT_CONVERSION = YES_AGGRESSIVE;
				CLANG_CXX_LANGUAGE_STANDARD = "gnu++14";
				CLANG_CXX_LIBRARY = "libc++";
				CLANG_ENABLE_MODULES = YES;
				CLANG_ENABLE_OBJC_ARC = YES;
				CLANG_ENABLE_OBJC_WEAK = YES;
				CLANG_WARN_BLOCK_CAPTURE_AUTORELEASING = YES;
				CLANG_WARN_BOOL_CONVERSION = YES;
				CLANG_WARN_COMMA = YES;
				CLANG_WARN_CONSTANT_CONVERSION = YES;
				CLANG_WARN_DEPRECATED_OBJC_IMPLEMENTATIONS = YES;
				CLANG_WARN_DIRECT_OBJC_ISA_USAGE = YES_ERROR;
				CLANG_WARN_DOCUMENTATION_COMMENTS = YES;
				CLANG_WARN_EMPTY_BODY = YES;
				CLANG_WARN_ENUM_CONVERSION = YES;
				CLANG_WARN_INFINITE_RECURSION = YES;
				CLANG_WARN_INT_CONVERSION = YES;
				CLANG_WARN_NON_LITERAL_NULL_CONVERSION = YES;
				CLANG_WARN_OBJC_IMPLICIT_RETAIN_SELF = YES;
				CLANG_WARN_OBJC_LITERAL_CONVERSION = YES;
				CLANG_WARN_OBJC_ROOT_CLASS = YES_ERROR;
				CLANG_WARN_RANGE_LOOP_ANALYSIS = YES;
				CLANG_WARN_STRICT_PROTOTYPES = YES;
				CLANG_WARN_SUSPICIOUS_MOVE = YES;
				CLANG_WARN_UNGUARDED_AVAILABILITY = YES_AGGRESSIVE;
				CLANG_WARN_UNREACHABLE_CODE = YES;
				CLANG_WARN__DUPLICATE_METHOD_MATCH = YES;
				COPY_PHASE_STRIP = NO;
				DEBUG_INFORMATION_FORMAT = "dwarf-with-dsym";
				ENABLE_NS_ASSERTIONS = NO;
				ENABLE_STRICT_OBJC_MSGSEND = YES;
				GCC_C_LANGUAGE_STANDARD = gnu11;
				GCC_NO_COMMON_BLOCKS = YES;
				GCC_WARN_64_TO_32_BIT_CONVERSION = YES;
				GCC_WARN_ABOUT_RETURN_TYPE = YES_ERROR;
				GCC_WARN_UNDECLARED_SELECTOR = YES;
				GCC_WARN_UNINITIALIZED_AUTOS = YES_AGGRESSIVE;
				GCC_WARN_UNUSED_FUNCTION = YES;
				GCC_WARN_UNUSED_VARIABLE = YES;
				IPHONEOS_DEPLOYMENT_TARGET = 13.2;
				MTL_ENABLE_DEBUG_INFO = NO;
				MTL_FAST_MATH = YES;
				SDKROOT = iphoneos;
				SWIFT_COMPILATION_MODE = wholemodule;
				SWIFT_OPTIMIZATION_LEVEL = "-O";
				VALIDATE_PRODUCT = YES;
			};
			name = Release;
		};
		18A4E2F32414085E00C8E8DB /* Debug */ = {
			isa = XCBuildConfiguration;
			buildSettings = {
				ASSETCATALOG_COMPILER_APPICON_NAME = AppIcon;
				CODE_SIGN_STYLE = Automatic;
				DEVELOPMENT_TEAM = 4TVGCW6P42;
				INFOPLIST_FILE = home17/Info.plist;
				LD_RUNPATH_SEARCH_PATHS = (
					"$(inherited)",
					"@executable_path/Frameworks",
				);
				PRODUCT_BUNDLE_IDENTIFIER = David.home17;
				PRODUCT_NAME = "$(TARGET_NAME)";
				SWIFT_VERSION = 5.0;
				TARGETED_DEVICE_FAMILY = 1;
			};
			name = Debug;
		};
		18A4E2F42414085E00C8E8DB /* Release */ = {
			isa = XCBuildConfiguration;
			buildSettings = {
				ASSETCATALOG_COMPILER_APPICON_NAME = AppIcon;
				CODE_SIGN_STYLE = Automatic;
				DEVELOPMENT_TEAM = 4TVGCW6P42;
				INFOPLIST_FILE = home17/Info.plist;
				LD_RUNPATH_SEARCH_PATHS = (
					"$(inherited)",
					"@executable_path/Frameworks",
				);
				PRODUCT_BUNDLE_IDENTIFIER = David.home17;
				PRODUCT_NAME = "$(TARGET_NAME)";
				SWIFT_VERSION = 5.0;
				TARGETED_DEVICE_FAMILY = 1;
			};
			name = Release;
		};
/* End XCBuildConfiguration section */

/* Begin XCConfigurationList section */
		18A4E2D92414085E00C8E8DB /* Build configuration list for PBXProject "home17" */ = {
			isa = XCConfigurationList;
			buildConfigurations = (
				18A4E2F02414085E00C8E8DB /* Debug */,
				18A4E2F12414085E00C8E8DB /* Release */,
			);
			defaultConfigurationIsVisible = 0;
			defaultConfigurationName = Release;
		};
		18A4E2F22414085E00C8E8DB /* Build configuration list for PBXNativeTarget "home17" */ = {
			isa = XCConfigurationList;
			buildConfigurations = (
				18A4E2F32414085E00C8E8DB /* Debug */,
				18A4E2F42414085E00C8E8DB /* Release */,
			);
			defaultConfigurationIsVisible = 0;
			defaultConfigurationName = Release;
		};
/* End XCConfigurationList section */
	};
	rootObject = 18A4E2D62414085E00C8E8DB /* Project object */;
}
